
Microsoft Visual Studio Solution File, Format Version 12.00
# Visual Studio Version 17
VisualStudioVersion = 17.0.32112.339
MinimumVisualStudioVersion = 10.0.40219.1
Project("{FAE04EC0-301F-11D3-BF4B-00C04F79EFBC}") = "ChallengePooAticma", "ChallengePooAticma\ChallengePooAticma.csproj", "{37540D9C-A82F-45A9-BBD2-9A7BCC56BF79}"
EndProject
Global
	GlobalSection(SolutionConfigurationPlatforms) = preSolution
		Debug|Any CPU = Debug|Any CPU
		Release|Any CPU = Release|Any CPU
	EndGlobalSection
	GlobalSection(ProjectConfigurationPlatforms) = postSolution
		{37540D9C-A82F-45A9-BBD2-9A7BCC56BF79}.Debug|Any CPU.ActiveCfg = Debug|Any CPU
		{37540D9C-A82F-45A9-BBD2-9A7BCC56BF79}.Debug|Any CPU.Build.0 = Debug|Any CPU
		{37540D9C-A82F-45A9-BBD2-9A7BCC56BF79}.Release|Any CPU.ActiveCfg = Release|Any CPU
		{37540D9C-A82F-45A9-BBD2-9A7BCC56BF79}.Release|Any CPU.Build.0 = Release|Any CPU
	EndGlobalSection
	GlobalSection(SolutionProperties) = preSolution
		HideSolutionNode = FALSE
	EndGlobalSection
	GlobalSection(ExtensibilityGlobals) = postSolution
		SolutionGuid = {08F7AB9B-895C-442B-A9D6-EDEE3423731D}
	EndGlobalSection
EndGlobal
